
Microsoft Visual Studio Solution File, Format Version 12.00
# Visual Studio Version 17
VisualStudioVersion = 17.2.32519.379
MinimumVisualStudioVersion = 10.0.40219.1
Project("{FAE04EC0-301F-11D3-BF4B-00C04F79EFBC}") = "TNAI_2022_Framework", "TNAI_2022_Framework\TNAI_2022_Framework.csproj", "{D5B18B1C-9D95-486B-92C6-A26F4AD06EC6}"
EndProject
Project("{FAE04EC0-301F-11D3-BF4B-00C04F79EFBC}") = "TNAI.Model", "TNAI.Model\TNAI.Model.csproj", "{B62F440B-CB7D-4C5A-9459-823DB7373F62}"
EndProject
Project("{FAE04EC0-301F-11D3-BF4B-00C04F79EFBC}") = "TNAI.Repository", "TNAI.Repository\TNAI.Repository.csproj", "{4BA4BBC2-F07A-44BB-B607-512694C04C55}"
EndProject
Global
	GlobalSection(SolutionConfigurationPlatforms) = preSolution
		Debug|Any CPU = Debug|Any CPU
		Release|Any CPU = Release|Any CPU
	EndGlobalSection
	GlobalSection(ProjectConfigurationPlatforms) = postSolution
		{D5B18B1C-9D95-486B-92C6-A26F4AD06EC6}.Debug|Any CPU.ActiveCfg = Debug|Any CPU
		{D5B18B1C-9D95-486B-92C6-A26F4AD06EC6}.Debug|Any CPU.Build.0 = Debug|Any CPU
		{D5B18B1C-9D95-486B-92C6-A26F4AD06EC6}.Release|Any CPU.ActiveCfg = Release|Any CPU
		{D5B18B1C-9D95-486B-92C6-A26F4AD06EC6}.Release|Any CPU.Build.0 = Release|Any CPU
		{B62F440B-CB7D-4C5A-9459-823DB7373F62}.Debug|Any CPU.ActiveCfg = Debug|Any CPU
		{B62F440B-CB7D-4C5A-9459-823DB7373F62}.Debug|Any CPU.Build.0 = Debug|Any CPU
		{B62F440B-CB7D-4C5A-9459-823DB7373F62}.Release|Any CPU.ActiveCfg = Release|Any CPU
		{B62F440B-CB7D-4C5A-9459-823DB7373F62}.Release|Any CPU.Build.0 = Release|Any CPU
		{4BA4BBC2-F07A-44BB-B607-512694C04C55}.Debug|Any CPU.ActiveCfg = Debug|Any CPU
		{4BA4BBC2-F07A-44BB-B607-512694C04C55}.Debug|Any CPU.Build.0 = Debug|Any CPU
		{4BA4BBC2-F07A-44BB-B607-512694C04C55}.Release|Any CPU.ActiveCfg = Release|Any CPU
		{4BA4BBC2-F07A-44BB-B607-512694C04C55}.Release|Any CPU.Build.0 = Release|Any CPU
	EndGlobalSection
	GlobalSection(SolutionProperties) = preSolution
		HideSolutionNode = FALSE
	EndGlobalSection
	GlobalSection(ExtensibilityGlobals) = postSolution
		SolutionGuid = {EF8B5C25-111E-4317-92FE-17CFCB2AC634}
	EndGlobalSection
EndGlobal
